
Microsoft Visual Studio Solution File, Format Version 12.00
# Visual Studio Version 17
VisualStudioVersion = 17.4.33205.214
MinimumVisualStudioVersion = 10.0.40219.1
Project("{FAE04EC0-301F-11D3-BF4B-00C04F79EFBC}") = "apConsultorio", "apConsultorio.csproj", "{FA8596A0-A4CE-49E5-AD93-33BEF9EAB2D1}"
EndProject
Global
	GlobalSection(SolutionConfigurationPlatforms) = preSolution
		Debug|Any CPU = Debug|Any CPU
		Release|Any CPU = Release|Any CPU
	EndGlobalSection
	GlobalSection(ProjectConfigurationPlatforms) = postSolution
		{FA8596A0-A4CE-49E5-AD93-33BEF9EAB2D1}.Debug|Any CPU.ActiveCfg = Debug|Any CPU
		{FA8596A0-A4CE-49E5-AD93-33BEF9EAB2D1}.Debug|Any CPU.Build.0 = Debug|Any CPU
		{FA8596A0-A4CE-49E5-AD93-33BEF9EAB2D1}.Release|Any CPU.ActiveCfg = Release|Any CPU
		{FA8596A0-A4CE-49E5-AD93-33BEF9EAB2D1}.Release|Any CPU.Build.0 = Release|Any CPU
	EndGlobalSection
	GlobalSection(SolutionProperties) = preSolution
		HideSolutionNode = FALSE
	EndGlobalSection
	GlobalSection(ExtensibilityGlobals) = postSolution
		SolutionGuid = {2D2C13F9-6BCA-47DE-B770-224BA942D26E}
	EndGlobalSection
EndGlobal
